
Microsoft Visual Studio Solution File, Format Version 12.00
# Visual Studio Version 16
VisualStudioVersion = 16.0.31829.152
MinimumVisualStudioVersion = 10.0.40219.1
Project("{2150E333-8FDC-42A3-9474-1A3956D46DE8}") = "src", "src", "{DC060C91-C61C-4645-9CF6-3688FD85D4B7}"
EndProject
Project("{2150E333-8FDC-42A3-9474-1A3956D46DE8}") = "Core", "Core", "{DB72F5B6-9252-4B59-8AFA-25803E204887}"
EndProject
Project("{2150E333-8FDC-42A3-9474-1A3956D46DE8}") = "Infraestructure", "Infraestructure", "{87385A20-3B0E-4579-A03B-88B6714B01A0}"
EndProject
Project("{2150E333-8FDC-42A3-9474-1A3956D46DE8}") = "Presentation", "Presentation", "{F96734B3-213B-4DA6-A8DF-44435859A99E}"
EndProject
Project("{FAE04EC0-301F-11D3-BF4B-00C04F79EFBC}") = "Application", "Application\Application.csproj", "{49FCE056-BFCC-4933-B1FB-D3520B4EFBA3}"
EndProject
Project("{FAE04EC0-301F-11D3-BF4B-00C04F79EFBC}") = "Domain", "Domain\Domain.csproj", "{D8F45F88-141C-40F7-885F-0D1D418B106D}"
EndProject
Project("{FAE04EC0-301F-11D3-BF4B-00C04F79EFBC}") = "Persistence", "Persistence\Persistence.csproj", "{F8E2E1B5-0100-478B-96A6-C324A7F4CC9A}"
EndProject
Project("{FAE04EC0-301F-11D3-BF4B-00C04F79EFBC}") = "Shared", "Shared\Shared.csproj", "{22AA3725-BD70-4BBF-9CA3-0F48087DC751}"
EndProject
Project("{FAE04EC0-301F-11D3-BF4B-00C04F79EFBC}") = "WebAPI", "WebAPI\WebAPI.csproj", "{28B0FC8D-57C2-48BB-9443-B347A78221B3}"
EndProject
Project("{FAE04EC0-301F-11D3-BF4B-00C04F79EFBC}") = "Identity", "Identity\Identity.csproj", "{C50FCDB5-ED1D-4A61-AD35-E89B79E2109B}"
EndProject
Global
	GlobalSection(SolutionConfigurationPlatforms) = preSolution
		Debug|Any CPU = Debug|Any CPU
		Release|Any CPU = Release|Any CPU
	EndGlobalSection
	GlobalSection(ProjectConfigurationPlatforms) = postSolution
		{49FCE056-BFCC-4933-B1FB-D3520B4EFBA3}.Debug|Any CPU.ActiveCfg = Debug|Any CPU
		{49FCE056-BFCC-4933-B1FB-D3520B4EFBA3}.Debug|Any CPU.Build.0 = Debug|Any CPU
		{49FCE056-BFCC-4933-B1FB-D3520B4EFBA3}.Release|Any CPU.ActiveCfg = Release|Any CPU
		{49FCE056-BFCC-4933-B1FB-D3520B4EFBA3}.Release|Any CPU.Build.0 = Release|Any CPU
		{D8F45F88-141C-40F7-885F-0D1D418B106D}.Debug|Any CPU.ActiveCfg = Debug|Any CPU
		{D8F45F88-141C-40F7-885F-0D1D418B106D}.Debug|Any CPU.Build.0 = Debug|Any CPU
		{D8F45F88-141C-40F7-885F-0D1D418B106D}.Release|Any CPU.ActiveCfg = Release|Any CPU
		{D8F45F88-141C-40F7-885F-0D1D418B106D}.Release|Any CPU.Build.0 = Release|Any CPU
		{F8E2E1B5-0100-478B-96A6-C324A7F4CC9A}.Debug|Any CPU.ActiveCfg = Debug|Any CPU
		{F8E2E1B5-0100-478B-96A6-C324A7F4CC9A}.Debug|Any CPU.Build.0 = Debug|Any CPU
		{F8E2E1B5-0100-478B-96A6-C324A7F4CC9A}.Release|Any CPU.ActiveCfg = Release|Any CPU
		{F8E2E1B5-0100-478B-96A6-C324A7F4CC9A}.Release|Any CPU.Build.0 = Release|Any CPU
		{22AA3725-BD70-4BBF-9CA3-0F48087DC751}.Debug|Any CPU.ActiveCfg = Debug|Any CPU
		{22AA3725-BD70-4BBF-9CA3-0F48087DC751}.Debug|Any CPU.Build.0 = Debug|Any CPU
		{22AA3725-BD70-4BBF-9CA3-0F48087DC751}.Release|Any CPU.ActiveCfg = Release|Any CPU
		{22AA3725-BD70-4BBF-9CA3-0F48087DC751}.Release|Any CPU.Build.0 = Release|Any CPU
		{28B0FC8D-57C2-48BB-9443-B347A78221B3}.Debug|Any CPU.ActiveCfg = Debug|Any CPU
		{28B0FC8D-57C2-48BB-9443-B347A78221B3}.Debug|Any CPU.Build.0 = Debug|Any CPU
		{28B0FC8D-57C2-48BB-9443-B347A78221B3}.Release|Any CPU.ActiveCfg = Release|Any CPU
		{28B0FC8D-57C2-48BB-9443-B347A78221B3}.Release|Any CPU.Build.0 = Release|Any CPU
		{C50FCDB5-ED1D-4A61-AD35-E89B79E2109B}.Debug|Any CPU.ActiveCfg = Debug|Any CPU
		{C50FCDB5-ED1D-4A61-AD35-E89B79E2109B}.Debug|Any CPU.Build.0 = Debug|Any CPU
		{C50FCDB5-ED1D-4A61-AD35-E89B79E2109B}.Release|Any CPU.ActiveCfg = Release|Any CPU
		{C50FCDB5-ED1D-4A61-AD35-E89B79E2109B}.Release|Any CPU.Build.0 = Release|Any CPU
	EndGlobalSection
	GlobalSection(SolutionProperties) = preSolution
		HideSolutionNode = FALSE
	EndGlobalSection
	GlobalSection(NestedProjects) = preSolution
		{DB72F5B6-9252-4B59-8AFA-25803E204887} = {DC060C91-C61C-4645-9CF6-3688FD85D4B7}
		{87385A20-3B0E-4579-A03B-88B6714B01A0} = {DC060C91-C61C-4645-9CF6-3688FD85D4B7}
		{F96734B3-213B-4DA6-A8DF-44435859A99E} = {DC060C91-C61C-4645-9CF6-3688FD85D4B7}
		{49FCE056-BFCC-4933-B1FB-D3520B4EFBA3} = {DB72F5B6-9252-4B59-8AFA-25803E204887}
		{D8F45F88-141C-40F7-885F-0D1D418B106D} = {DB72F5B6-9252-4B59-8AFA-25803E204887}
		{F8E2E1B5-0100-478B-96A6-C324A7F4CC9A} = {87385A20-3B0E-4579-A03B-88B6714B01A0}
		{22AA3725-BD70-4BBF-9CA3-0F48087DC751} = {87385A20-3B0E-4579-A03B-88B6714B01A0}
		{28B0FC8D-57C2-48BB-9443-B347A78221B3} = {F96734B3-213B-4DA6-A8DF-44435859A99E}
		{C50FCDB5-ED1D-4A61-AD35-E89B79E2109B} = {87385A20-3B0E-4579-A03B-88B6714B01A0}
	EndGlobalSection
	GlobalSection(ExtensibilityGlobals) = postSolution
		SolutionGuid = {2C0616FA-6AE3-45C3-81FC-A2D50F930341}
	EndGlobalSection
EndGlobal
